// !$*UTF8*$!
{
	archiveVersion = 1;
	classes = {
	};
	objectVersion = 56;
	objects = {

/* Begin PBXBuildFile section */
		6DFF19812A6C0035003BAC6E /* AppDelegate.swift in Sources */ = {isa = PBXBuildFile; fileRef = 6DFF19802A6C0035003BAC6E /* AppDelegate.swift */; };
		6DFF19832A6C0035003BAC6E /* SceneDelegate.swift in Sources */ = {isa = PBXBuildFile; fileRef = 6DFF19822A6C0035003BAC6E /* SceneDelegate.swift */; };
		6DFF19852A6C0035003BAC6E /* ViewController.swift in Sources */ = {isa = PBXBuildFile; fileRef = 6DFF19842A6C0035003BAC6E /* ViewController.swift */; };
		6DFF19882A6C0035003BAC6E /* Main.storyboard in Resources */ = {isa = PBXBuildFile; fileRef = 6DFF19862A6C0035003BAC6E /* Main.storyboard */; };
		6DFF198A2A6C0036003BAC6E /* Assets.xcassets in Resources */ = {isa = PBXBuildFile; fileRef = 6DFF19892A6C0036003BAC6E /* Assets.xcassets */; };
		6DFF198D2A6C0036003BAC6E /* LaunchScreen.storyboard in Resources */ = {isa = PBXBuildFile; fileRef = 6DFF198B2A6C0036003BAC6E /* LaunchScreen.storyboard */; };
		6DFF19982A6C0036003BAC6E /* SnapkitPlaygroundTests.swift in Sources */ = {isa = PBXBuildFile; fileRef = 6DFF19972A6C0036003BAC6E /* SnapkitPlaygroundTests.swift */; };
		6DFF19A22A6C0036003BAC6E /* SnapkitPlaygroundUITests.swift in Sources */ = {isa = PBXBuildFile; fileRef = 6DFF19A12A6C0036003BAC6E /* SnapkitPlaygroundUITests.swift */; };
		6DFF19A42A6C0036003BAC6E /* SnapkitPlaygroundUITestsLaunchTests.swift in Sources */ = {isa = PBXBuildFile; fileRef = 6DFF19A32A6C0036003BAC6E /* SnapkitPlaygroundUITestsLaunchTests.swift */; };
/* End PBXBuildFile section */

/* Begin PBXContainerItemProxy section */
		6DFF19942A6C0036003BAC6E /* PBXContainerItemProxy */ = {
			isa = PBXContainerItemProxy;
			containerPortal = 6DFF19752A6C0035003BAC6E /* Project object */;
			proxyType = 1;
			remoteGlobalIDString = 6DFF197C2A6C0035003BAC6E;
			remoteInfo = SnapkitPlayground;
		};
		6DFF199E2A6C0036003BAC6E /* PBXContainerItemProxy */ = {
			isa = PBXContainerItemProxy;
			containerPortal = 6DFF19752A6C0035003BAC6E /* Project object */;
			proxyType = 1;
			remoteGlobalIDString = 6DFF197C2A6C0035003BAC6E;
			remoteInfo = SnapkitPlayground;
		};
/* End PBXContainerItemProxy section */

/* Begin PBXFileReference section */
		6DFF197D2A6C0035003BAC6E /* SnapkitPlayground.app */ = {isa = PBXFileReference; explicitFileType = wrapper.application; includeInIndex = 0; path = SnapkitPlayground.app; sourceTree = BUILT_PRODUCTS_DIR; };
		6DFF19802A6C0035003BAC6E /* AppDelegate.swift */ = {isa = PBXFileReference; lastKnownFileType = sourcecode.swift; path = AppDelegate.swift; sourceTree = "<group>"; };
		6DFF19822A6C0035003BAC6E /* SceneDelegate.swift */ = {isa = PBXFileReference; lastKnownFileType = sourcecode.swift; path = SceneDelegate.swift; sourceTree = "<group>"; };
		6DFF19842A6C0035003BAC6E /* ViewController.swift */ = {isa = PBXFileReference; lastKnownFileType = sourcecode.swift; path = ViewController.swift; sourceTree = "<group>"; };
		6DFF19872A6C0035003BAC6E /* Base */ = {isa = PBXFileReference; lastKnownFileType = file.storyboard; name = Base; path = Base.lproj/Main.storyboard; sourceTree = "<group>"; };
		6DFF19892A6C0036003BAC6E /* Assets.xcassets */ = {isa = PBXFileReference; lastKnownFileType = folder.assetcatalog; path = Assets.xcassets; sourceTree = "<group>"; };
		6DFF198C2A6C0036003BAC6E /* Base */ = {isa = PBXFileReference; lastKnownFileType = file.storyboard; name = Base; path = Base.lproj/LaunchScreen.storyboard; sourceTree = "<group>"; };
		6DFF198E2A6C0036003BAC6E /* Info.plist */ = {isa = PBXFileReference; lastKnownFileType = text.plist.xml; path = Info.plist; sourceTree = "<group>"; };
		6DFF19932A6C0036003BAC6E /* SnapkitPlaygroundTests.xctest */ = {isa = PBXFileReference; explicitFileType = wrapper.cfbundle; includeInIndex = 0; path = SnapkitPlaygroundTests.xctest; sourceTree = BUILT_PRODUCTS_DIR; };
		6DFF19972A6C0036003BAC6E /* SnapkitPlaygroundTests.swift */ = {isa = PBXFileReference; lastKnownFileType = sourcecode.swift; path = SnapkitPlaygroundTests.swift; sourceTree = "<group>"; };
		6DFF199D2A6C0036003BAC6E /* SnapkitPlaygroundUITests.xctest */ = {isa = PBXFileReference; explicitFileType = wrapper.cfbundle; includeInIndex = 0; path = SnapkitPlaygroundUITests.xctest; sourceTree = BUILT_PRODUCTS_DIR; };
		6DFF19A12A6C0036003BAC6E /* SnapkitPlaygroundUITests.swift */ = {isa = PBXFileReference; lastKnownFileType = sourcecode.swift; path = SnapkitPlaygroundUITests.swift; sourceTree = "<group>"; };
		6DFF19A32A6C0036003BAC6E /* SnapkitPlaygroundUITestsLaunchTests.swift */ = {isa = PBXFileReference; lastKnownFileType = sourcecode.swift; path = SnapkitPlaygroundUITestsLaunchTests.swift; sourceTree = "<group>"; };
/* End PBXFileReference section */

/* Begin PBXFrameworksBuildPhase section */
		6DFF197A2A6C0035003BAC6E /* Frameworks */ = {
			isa = PBXFrameworksBuildPhase;
			buildActionMask = 2147483647;
			files = (
			);
			runOnlyForDeploymentPostprocessing = 0;
		};
		6DFF19902A6C0036003BAC6E /* Frameworks */ = {
			isa = PBXFrameworksBuildPhase;
			buildActionMask = 2147483647;
			files = (
			);
			runOnlyForDeploymentPostprocessing = 0;
		};
		6DFF199A2A6C0036003BAC6E /* Frameworks */ = {
			isa = PBXFrameworksBuildPhase;
			buildActionMask = 2147483647;
			files = (
			);
			runOnlyForDeploymentPostprocessing = 0;
		};
/* End PBXFrameworksBuildPhase section */

/* Begin PBXGroup section */
		6DFF19742A6C0035003BAC6E = {
			isa = PBXGroup;
			children = (
				6DFF197F2A6C0035003BAC6E /* SnapkitPlayground */,
				6DFF19962A6C0036003BAC6E /* SnapkitPlaygroundTests */,
				6DFF19A02A6C0036003BAC6E /* SnapkitPlaygroundUITests */,
				6DFF197E2A6C0035003BAC6E /* Products */,
			);
			sourceTree = "<group>";
		};
		6DFF197E2A6C0035003BAC6E /* Products */ = {
			isa = PBXGroup;
			children = (
				6DFF197D2A6C0035003BAC6E /* SnapkitPlayground.app */,
				6DFF19932A6C0036003BAC6E /* SnapkitPlaygroundTests.xctest */,
				6DFF199D2A6C0036003BAC6E /* SnapkitPlaygroundUITests.xctest */,
			);
			name = Products;
			sourceTree = "<group>";
		};
		6DFF197F2A6C0035003BAC6E /* SnapkitPlayground */ = {
			isa = PBXGroup;
			children = (
				6DFF19802A6C0035003BAC6E /* AppDelegate.swift */,
				6DFF19822A6C0035003BAC6E /* SceneDelegate.swift */,
				6DFF19842A6C0035003BAC6E /* ViewController.swift */,
				6DFF19862A6C0035003BAC6E /* Main.storyboard */,
				6DFF19892A6C0036003BAC6E /* Assets.xcassets */,
				6DFF198B2A6C0036003BAC6E /* LaunchScreen.storyboard */,
				6DFF198E2A6C0036003BAC6E /* Info.plist */,
			);
			path = SnapkitPlayground;
			sourceTree = "<group>";
		};
		6DFF19962A6C0036003BAC6E /* SnapkitPlaygroundTests */ = {
			isa = PBXGroup;
			children = (
				6DFF19972A6C0036003BAC6E /* SnapkitPlaygroundTests.swift */,
			);
			path = SnapkitPlaygroundTests;
			sourceTree = "<group>";
		};
		6DFF19A02A6C0036003BAC6E /* SnapkitPlaygroundUITests */ = {
			isa = PBXGroup;
			children = (
				6DFF19A12A6C0036003BAC6E /* SnapkitPlaygroundUITests.swift */,
				6DFF19A32A6C0036003BAC6E /* SnapkitPlaygroundUITestsLaunchTests.swift */,
			);
			path = SnapkitPlaygroundUITests;
			sourceTree = "<group>";
		};
/* End PBXGroup section */

/* Begin PBXNativeTarget section */
		6DFF197C2A6C0035003BAC6E /* SnapkitPlayground */ = {
			isa = PBXNativeTarget;
			buildConfigurationList = 6DFF19A72A6C0036003BAC6E /* Build configuration list for PBXNativeTarget "SnapkitPlayground" */;
			buildPhases = (
				6DFF19792A6C0035003BAC6E /* Sources */,
				6DFF197A2A6C0035003BAC6E /* Frameworks */,
				6DFF197B2A6C0035003BAC6E /* Resources */,
			);
			buildRules = (
			);
			dependencies = (
			);
			name = SnapkitPlayground;
			productName = SnapkitPlayground;
			productReference = 6DFF197D2A6C0035003BAC6E /* SnapkitPlayground.app */;
			productType = "com.apple.product-type.application";
		};
		6DFF19922A6C0036003BAC6E /* SnapkitPlaygroundTests */ = {
			isa = PBXNativeTarget;
			buildConfigurationList = 6DFF19AA2A6C0036003BAC6E /* Build configuration list for PBXNativeTarget "SnapkitPlaygroundTests" */;
			buildPhases = (
				6DFF198F2A6C0036003BAC6E /* Sources */,
				6DFF19902A6C0036003BAC6E /* Frameworks */,
				6DFF19912A6C0036003BAC6E /* Resources */,
			);
			buildRules = (
			);
			dependencies = (
				6DFF19952A6C0036003BAC6E /* PBXTargetDependency */,
			);
			name = SnapkitPlaygroundTests;
			productName = SnapkitPlaygroundTests;
			productReference = 6DFF19932A6C0036003BAC6E /* SnapkitPlaygroundTests.xctest */;
			productType = "com.apple.product-type.bundle.unit-test";
		};
		6DFF199C2A6C0036003BAC6E /* SnapkitPlaygroundUITests */ = {
			isa = PBXNativeTarget;
			buildConfigurationList = 6DFF19AD2A6C0036003BAC6E /* Build configuration list for PBXNativeTarget "SnapkitPlaygroundUITests" */;
			buildPhases = (
				6DFF19992A6C0036003BAC6E /* Sources */,
				6DFF199A2A6C0036003BAC6E /* Frameworks */,
				6DFF199B2A6C0036003BAC6E /* Resources */,
			);
			buildRules = (
			);
			dependencies = (
				6DFF199F2A6C0036003BAC6E /* PBXTargetDependency */,
			);
			name = SnapkitPlaygroundUITests;
			productName = SnapkitPlaygroundUITests;
			productReference = 6DFF199D2A6C0036003BAC6E /* SnapkitPlaygroundUITests.xctest */;
			productType = "com.apple.product-type.bundle.ui-testing";
		};
/* End PBXNativeTarget section */

/* Begin PBXProject section */
		6DFF19752A6C0035003BAC6E /* Project object */ = {
			isa = PBXProject;
			attributes = {
				BuildIndependentTargetsInParallel = 1;
				LastSwiftUpdateCheck = 1430;
				LastUpgradeCheck = 1430;
				TargetAttributes = {
					6DFF197C2A6C0035003BAC6E = {
						CreatedOnToolsVersion = 14.3.1;
					};
					6DFF19922A6C0036003BAC6E = {
						CreatedOnToolsVersion = 14.3.1;
						TestTargetID = 6DFF197C2A6C0035003BAC6E;
					};
					6DFF199C2A6C0036003BAC6E = {
						CreatedOnToolsVersion = 14.3.1;
						TestTargetID = 6DFF197C2A6C0035003BAC6E;
					};
				};
			};
			buildConfigurationList = 6DFF19782A6C0035003BAC6E /* Build configuration list for PBXProject "SnapkitPlayground" */;
			compatibilityVersion = "Xcode 14.0";
			developmentRegion = en;
			hasScannedForEncodings = 0;
			knownRegions = (
				en,
				Base,
			);
			mainGroup = 6DFF19742A6C0035003BAC6E;
			productRefGroup = 6DFF197E2A6C0035003BAC6E /* Products */;
			projectDirPath = "";
			projectRoot = "";
			targets = (
				6DFF197C2A6C0035003BAC6E /* SnapkitPlayground */,
				6DFF19922A6C0036003BAC6E /* SnapkitPlaygroundTests */,
				6DFF199C2A6C0036003BAC6E /* SnapkitPlaygroundUITests */,
			);
		};
/* End PBXProject section */

/* Begin PBXResourcesBuildPhase section */
		6DFF197B2A6C0035003BAC6E /* Resources */ = {
			isa = PBXResourcesBuildPhase;
			buildActionMask = 2147483647;
			files = (
				6DFF198D2A6C0036003BAC6E /* LaunchScreen.storyboard in Resources */,
				6DFF198A2A6C0036003BAC6E /* Assets.xcassets in Resources */,
				6DFF19882A6C0035003BAC6E /* Main.storyboard in Resources */,
			);
			runOnlyForDeploymentPostprocessing = 0;
		};
		6DFF19912A6C0036003BAC6E /* Resources */ = {
			isa = PBXResourcesBuildPhase;
			buildActionMask = 2147483647;
			files = (
			);
			runOnlyForDeploymentPostprocessing = 0;
		};
		6DFF199B2A6C0036003BAC6E /* Resources */ = {
			isa = PBXResourcesBuildPhase;
			buildActionMask = 2147483647;
			files = (
			);
			runOnlyForDeploymentPostprocessing = 0;
		};
/* End PBXResourcesBuildPhase section */

/* Begin PBXSourcesBuildPhase section */
		6DFF19792A6C0035003BAC6E /* Sources */ = {
			isa = PBXSourcesBuildPhase;
			buildActionMask = 2147483647;
			files = (
				6DFF19852A6C0035003BAC6E /* ViewController.swift in Sources */,
				6DFF19812A6C0035003BAC6E /* AppDelegate.swift in Sources */,
				6DFF19832A6C0035003BAC6E /* SceneDelegate.swift in Sources */,
			);
			runOnlyForDeploymentPostprocessing = 0;
		};
		6DFF198F2A6C0036003BAC6E /* Sources */ = {
			isa = PBXSourcesBuildPhase;
			buildActionMask = 2147483647;
			files = (
				6DFF19982A6C0036003BAC6E /* SnapkitPlaygroundTests.swift in Sources */,
			);
			runOnlyForDeploymentPostprocessing = 0;
		};
		6DFF19992A6C0036003BAC6E /* Sources */ = {
			isa = PBXSourcesBuildPhase;
			buildActionMask = 2147483647;
			files = (
				6DFF19A42A6C0036003BAC6E /* SnapkitPlaygroundUITestsLaunchTests.swift in Sources */,
				6DFF19A22A6C0036003BAC6E /* SnapkitPlaygroundUITests.swift in Sources */,
			);
			runOnlyForDeploymentPostprocessing = 0;
		};
/* End PBXSourcesBuildPhase section */

/* Begin PBXTargetDependency section */
		6DFF19952A6C0036003BAC6E /* PBXTargetDependency */ = {
			isa = PBXTargetDependency;
			target = 6DFF197C2A6C0035003BAC6E /* SnapkitPlayground */;
			targetProxy = 6DFF19942A6C0036003BAC6E /* PBXContainerItemProxy */;
		};
		6DFF199F2A6C0036003BAC6E /* PBXTargetDependency */ = {
			isa = PBXTargetDependency;
			target = 6DFF197C2A6C0035003BAC6E /* SnapkitPlayground */;
			targetProxy = 6DFF199E2A6C0036003BAC6E /* PBXContainerItemProxy */;
		};
/* End PBXTargetDependency section */

/* Begin PBXVariantGroup section */
		6DFF19862A6C0035003BAC6E /* Main.storyboard */ = {
			isa = PBXVariantGroup;
			children = (
				6DFF19872A6C0035003BAC6E /* Base */,
			);
			name = Main.storyboard;
			sourceTree = "<group>";
		};
		6DFF198B2A6C0036003BAC6E /* LaunchScreen.storyboard */ = {
			isa = PBXVariantGroup;
			children = (
				6DFF198C2A6C0036003BAC6E /* Base */,
			);
			name = LaunchScreen.storyboard;
			sourceTree = "<group>";
		};
/* End PBXVariantGroup section */

/* Begin XCBuildConfiguration section */
		6DFF19A52A6C0036003BAC6E /* Debug */ = {
			isa = XCBuildConfiguration;
			buildSettings = {
				ALWAYS_SEARCH_USER_PATHS = NO;
				CLANG_ANALYZER_NONNULL = YES;
				CLANG_ANALYZER_NUMBER_OBJECT_CONVERSION = YES_AGGRESSIVE;
				CLANG_CXX_LANGUAGE_STANDARD = "gnu++20";
				CLANG_ENABLE_MODULES = YES;
				CLANG_ENABLE_OBJC_ARC = YES;
				CLANG_ENABLE_OBJC_WEAK = YES;
				CLANG_WARN_BLOCK_CAPTURE_AUTORELEASING = YES;
				CLANG_WARN_BOOL_CONVERSION = YES;
				CLANG_WARN_COMMA = YES;
				CLANG_WARN_CONSTANT_CONVERSION = YES;
				CLANG_WARN_DEPRECATED_OBJC_IMPLEMENTATIONS = YES;
				CLANG_WARN_DIRECT_OBJC_ISA_USAGE = YES_ERROR;
				CLANG_WARN_DOCUMENTATION_COMMENTS = YES;
				CLANG_WARN_EMPTY_BODY = YES;
				CLANG_WARN_ENUM_CONVERSION = YES;
				CLANG_WARN_INFINITE_RECURSION = YES;
				CLANG_WARN_INT_CONVERSION = YES;
				CLANG_WARN_NON_LITERAL_NULL_CONVERSION = YES;
				CLANG_WARN_OBJC_IMPLICIT_RETAIN_SELF = YES;
				CLANG_WARN_OBJC_LITERAL_CONVERSION = YES;
				CLANG_WARN_OBJC_ROOT_CLASS = YES_ERROR;
				CLANG_WARN_QUOTED_INCLUDE_IN_FRAMEWORK_HEADER = YES;
				CLANG_WARN_RANGE_LOOP_ANALYSIS = YES;
				CLANG_WARN_STRICT_PROTOTYPES = YES;
				CLANG_WARN_SUSPICIOUS_MOVE = YES;
				CLANG_WARN_UNGUARDED_AVAILABILITY = YES_AGGRESSIVE;
				CLANG_WARN_UNREACHABLE_CODE = YES;
				CLANG_WARN__DUPLICATE_METHOD_MATCH = YES;
				COPY_PHASE_STRIP = NO;
				DEBUG_INFORMATION_FORMAT = dwarf;
				ENABLE_STRICT_OBJC_MSGSEND = YES;
				ENABLE_TESTABILITY = YES;
				GCC_C_LANGUAGE_STANDARD = gnu11;
				GCC_DYNAMIC_NO_PIC = NO;
				GCC_NO_COMMON_BLOCKS = YES;
				GCC_OPTIMIZATION_LEVEL = 0;
				GCC_PREPROCESSOR_DEFINITIONS = (
					"DEBUG=1",
					"$(inherited)",
				);
				GCC_WARN_64_TO_32_BIT_CONVERSION = YES;
				GCC_WARN_ABOUT_RETURN_TYPE = YES_ERROR;
				GCC_WARN_UNDECLARED_SELECTOR = YES;
				GCC_WARN_UNINITIALIZED_AUTOS = YES_AGGRESSIVE;
				GCC_WARN_UNUSED_FUNCTION = YES;
				GCC_WARN_UNUSED_VARIABLE = YES;
				IPHONEOS_DEPLOYMENT_TARGET = 16.4;
				MTL_ENABLE_DEBUG_INFO = INCLUDE_SOURCE;
				MTL_FAST_MATH = YES;
				ONLY_ACTIVE_ARCH = YES;
				SDKROOT = iphoneos;
				SWIFT_ACTIVE_COMPILATION_CONDITIONS = DEBUG;
				SWIFT_OPTIMIZATION_LEVEL = "-Onone";
			};
			name = Debug;
		};
		6DFF19A62A6C0036003BAC6E /* Release */ = {
			isa = XCBuildConfiguration;
			buildSettings = {
				ALWAYS_SEARCH_USER_PATHS = NO;
				CLANG_ANALYZER_NONNULL = YES;
				CLANG_ANALYZER_NUMBER_OBJECT_CONVERSION = YES_AGGRESSIVE;
				CLANG_CXX_LANGUAGE_STANDARD = "gnu++20";
				CLANG_ENABLE_MODULES = YES;
				CLANG_ENABLE_OBJC_ARC = YES;
				CLANG_ENABLE_OBJC_WEAK = YES;
				CLANG_WARN_BLOCK_CAPTURE_AUTORELEASING = YES;
				CLANG_WARN_BOOL_CONVERSION = YES;
				CLANG_WARN_COMMA = YES;
				CLANG_WARN_CONSTANT_CONVERSION = YES;
				CLANG_WARN_DEPRECATED_OBJC_IMPLEMENTATIONS = YES;
				CLANG_WARN_DIRECT_OBJC_ISA_USAGE = YES_ERROR;
				CLANG_WARN_DOCUMENTATION_COMMENTS = YES;
				CLANG_WARN_EMPTY_BODY = YES;
				CLANG_WARN_ENUM_CONVERSION = YES;
				CLANG_WARN_INFINITE_RECURSION = YES;
				CLANG_WARN_INT_CONVERSION = YES;
				CLANG_WARN_NON_LITERAL_NULL_CONVERSION = YES;
				CLANG_WARN_OBJC_IMPLICIT_RETAIN_SELF = YES;
				CLANG_WARN_OBJC_LITERAL_CONVERSION = YES;
				CLANG_WARN_OBJC_ROOT_CLASS = YES_ERROR;
				CLANG_WARN_QUOTED_INCLUDE_IN_FRAMEWORK_HEADER = YES;
				CLANG_WARN_RANGE_LOOP_ANALYSIS = YES;
				CLANG_WARN_STRICT_PROTOTYPES = YES;
				CLANG_WARN_SUSPICIOUS_MOVE = YES;
				CLANG_WARN_UNGUARDED_AVAILABILITY = YES_AGGRESSIVE;
				CLANG_WARN_UNREACHABLE_CODE = YES;
				CLANG_WARN__DUPLICATE_METHOD_MATCH = YES;
				COPY_PHASE_STRIP = NO;
				DEBUG_INFORMATION_FORMAT = "dwarf-with-dsym";
				ENABLE_NS_ASSERTIONS = NO;
				ENABLE_STRICT_OBJC_MSGSEND = YES;
				GCC_C_LANGUAGE_STANDARD = gnu11;
				GCC_NO_COMMON_BLOCKS = YES;
				GCC_WARN_64_TO_32_BIT_CONVERSION = YES;
				GCC_WARN_ABOUT_RETURN_TYPE = YES_ERROR;
				GCC_WARN_UNDECLARED_SELECTOR = YES;
				GCC_WARN_UNINITIALIZED_AUTOS = YES_AGGRESSIVE;
				GCC_WARN_UNUSED_FUNCTION = YES;
				GCC_WARN_UNUSED_VARIABLE = YES;
				IPHONEOS_DEPLOYMENT_TARGET = 16.4;
				MTL_ENABLE_DEBUG_INFO = NO;
				MTL_FAST_MATH = YES;
				SDKROOT = iphoneos;
				SWIFT_COMPILATION_MODE = wholemodule;
				SWIFT_OPTIMIZATION_LEVEL = "-O";
				VALIDATE_PRODUCT = YES;
			};
			name = Release;
		};
		6DFF19A82A6C0036003BAC6E /* Debug */ = {
			isa = XCBuildConfiguration;
			buildSettings = {
				ASSETCATALOG_COMPILER_APPICON_NAME = AppIcon;
				ASSETCATALOG_COMPILER_GLOBAL_ACCENT_COLOR_NAME = AccentColor;
				CODE_SIGN_STYLE = Automatic;
				CURRENT_PROJECT_VERSION = 1;
				DEVELOPMENT_TEAM = QLVD672J6F;
				GENERATE_INFOPLIST_FILE = YES;
				INFOPLIST_FILE = SnapkitPlayground/Info.plist;
				INFOPLIST_KEY_UIApplicationSupportsIndirectInputEvents = YES;
				INFOPLIST_KEY_UILaunchStoryboardName = LaunchScreen;
				INFOPLIST_KEY_UIMainStoryboardFile = Main;
				INFOPLIST_KEY_UISupportedInterfaceOrientations_iPad = "UIInterfaceOrientationPortrait UIInterfaceOrientationPortraitUpsideDown UIInterfaceOrientationLandscapeLeft UIInterfaceOrientationLandscapeRight";
				INFOPLIST_KEY_UISupportedInterfaceOrientations_iPhone = "UIInterfaceOrientationPortrait UIInterfaceOrientationLandscapeLeft UIInterfaceOrientationLandscapeRight";
				LD_RUNPATH_SEARCH_PATHS = (
					"$(inherited)",
					"@executable_path/Frameworks",
				);
				MARKETING_VERSION = 1.0;
				PRODUCT_BUNDLE_IDENTIFIER = com.birhos.SnapkitPlayground;
				PRODUCT_NAME = "$(TARGET_NAME)";
				SWIFT_EMIT_LOC_STRINGS = YES;
				SWIFT_VERSION = 5.0;
				TARGETED_DEVICE_FAMILY = "1,2";
			};
			name = Debug;
		};
		6DFF19A92A6C0036003BAC6E /* Release */ = {
			isa = XCBuildConfiguration;
			buildSettings = {
				ASSETCATALOG_COMPILER_APPICON_NAME = AppIcon;
				ASSETCATALOG_COMPILER_GLOBAL_ACCENT_COLOR_NAME = AccentColor;
				CODE_SIGN_STYLE = Automatic;
				CURRENT_PROJECT_VERSION = 1;
				DEVELOPMENT_TEAM = QLVD672J6F;
				GENERATE_INFOPLIST_FILE = YES;
				INFOPLIST_FILE = SnapkitPlayground/Info.plist;
				INFOPLIST_KEY_UIApplicationSupportsIndirectInputEvents = YES;
				INFOPLIST_KEY_UILaunchStoryboardName = LaunchScreen;
				INFOPLIST_KEY_UIMainStoryboardFile = Main;
				INFOPLIST_KEY_UISupportedInterfaceOrientations_iPad = "UIInterfaceOrientationPortrait UIInterfaceOrientationPortraitUpsideDown UIInterfaceOrientationLandscapeLeft UIInterfaceOrientationLandscapeRight";
				INFOPLIST_KEY_UISupportedInterfaceOrientations_iPhone = "UIInterfaceOrientationPortrait UIInterfaceOrientationLandscapeLeft UIInterfaceOrientationLandscapeRight";
				LD_RUNPATH_SEARCH_PATHS = (
					"$(inherited)",
					"@executable_path/Frameworks",
				);
				MARKETING_VERSION = 1.0;
				PRODUCT_BUNDLE_IDENTIFIER = com.birhos.SnapkitPlayground;
				PRODUCT_NAME = "$(TARGET_NAME)";
				SWIFT_EMIT_LOC_STRINGS = YES;
				SWIFT_VERSION = 5.0;
				TARGETED_DEVICE_FAMILY = "1,2";
			};
			name = Release;
		};
		6DFF19AB2A6C0036003BAC6E /* Debug */ = {
			isa = XCBuildConfiguration;
			buildSettings = {
				ALWAYS_EMBED_SWIFT_STANDARD_LIBRARIES = YES;
				BUNDLE_LOADER = "$(TEST_HOST)";
				CODE_SIGN_STYLE = Automatic;
				CURRENT_PROJECT_VERSION = 1;
				DEVELOPMENT_TEAM = QLVD672J6F;
				GENERATE_INFOPLIST_FILE = YES;
				IPHONEOS_DEPLOYMENT_TARGET = 16.4;
				MARKETING_VERSION = 1.0;
				PRODUCT_BUNDLE_IDENTIFIER = com.birhos.SnapkitPlaygroundTests;
				PRODUCT_NAME = "$(TARGET_NAME)";
				SWIFT_EMIT_LOC_STRINGS = NO;
				SWIFT_VERSION = 5.0;
				TARGETED_DEVICE_FAMILY = "1,2";
				TEST_HOST = "$(BUILT_PRODUCTS_DIR)/SnapkitPlayground.app/$(BUNDLE_EXECUTABLE_FOLDER_PATH)/SnapkitPlayground";
			};
			name = Debug;
		};
		6DFF19AC2A6C0036003BAC6E /* Release */ = {
			isa = XCBuildConfiguration;
			buildSettings = {
				ALWAYS_EMBED_SWIFT_STANDARD_LIBRARIES = YES;
				BUNDLE_LOADER = "$(TEST_HOST)";
				CODE_SIGN_STYLE = Automatic;
				CURRENT_PROJECT_VERSION = 1;
				DEVELOPMENT_TEAM = QLVD672J6F;
				GENERATE_INFOPLIST_FILE = YES;
				IPHONEOS_DEPLOYMENT_TARGET = 16.4;
				MARKETING_VERSION = 1.0;
				PRODUCT_BUNDLE_IDENTIFIER = com.birhos.SnapkitPlaygroundTests;
				PRODUCT_NAME = "$(TARGET_NAME)";
				SWIFT_EMIT_LOC_STRINGS = NO;
				SWIFT_VERSION = 5.0;
				TARGETED_DEVICE_FAMILY = "1,2";
				TEST_HOST = "$(BUILT_PRODUCTS_DIR)/SnapkitPlayground.app/$(BUNDLE_EXECUTABLE_FOLDER_PATH)/SnapkitPlayground";
			};
			name = Release;
		};
		6DFF19AE2A6C0036003BAC6E /* Debug */ = {
			isa = XCBuildConfiguration;
			buildSettings = {
				ALWAYS_EMBED_SWIFT_STANDARD_LIBRARIES = YES;
				CODE_SIGN_STYLE = Automatic;
				CURRENT_PROJECT_VERSION = 1;
				DEVELOPMENT_TEAM = QLVD672J6F;
				GENERATE_INFOPLIST_FILE = YES;
				MARKETING_VERSION = 1.0;
				PRODUCT_BUNDLE_IDENTIFIER = com.birhos.SnapkitPlaygroundUITests;
				PRODUCT_NAME = "$(TARGET_NAME)";
				SWIFT_EMIT_LOC_STRINGS = NO;
				SWIFT_VERSION = 5.0;
				TARGETED_DEVICE_FAMILY = "1,2";
				TEST_TARGET_NAME = SnapkitPlayground;
			};
			name = Debug;
		};
		6DFF19AF2A6C0036003BAC6E /* Release */ = {
			isa = XCBuildConfiguration;
			buildSettings = {
				ALWAYS_EMBED_SWIFT_STANDARD_LIBRARIES = YES;
				CODE_SIGN_STYLE = Automatic;
				CURRENT_PROJECT_VERSION = 1;
				DEVELOPMENT_TEAM = QLVD672J6F;
				GENERATE_INFOPLIST_FILE = YES;
				MARKETING_VERSION = 1.0;
				PRODUCT_BUNDLE_IDENTIFIER = com.birhos.SnapkitPlaygroundUITests;
				PRODUCT_NAME = "$(TARGET_NAME)";
				SWIFT_EMIT_LOC_STRINGS = NO;
				SWIFT_VERSION = 5.0;
				TARGETED_DEVICE_FAMILY = "1,2";
				TEST_TARGET_NAME = SnapkitPlayground;
			};
			name = Release;
		};
/* End XCBuildConfiguration section */

/* Begin XCConfigurationList section */
		6DFF19782A6C0035003BAC6E /* Build configuration list for PBXProject "SnapkitPlayground" */ = {
			isa = XCConfigurationList;
			buildConfigurations = (
				6DFF19A52A6C0036003BAC6E /* Debug */,
				6DFF19A62A6C0036003BAC6E /* Release */,
			);
			defaultConfigurationIsVisible = 0;
			defaultConfigurationName = Release;
		};
		6DFF19A72A6C0036003BAC6E /* Build configuration list for PBXNativeTarget "SnapkitPlayground" */ = {
			isa = XCConfigurationList;
			buildConfigurations = (
				6DFF19A82A6C0036003BAC6E /* Debug */,
				6DFF19A92A6C0036003BAC6E /* Release */,
			);
			defaultConfigurationIsVisible = 0;
			defaultConfigurationName = Release;
		};
		6DFF19AA2A6C0036003BAC6E /* Build configuration list for PBXNativeTarget "SnapkitPlaygroundTests" */ = {
			isa = XCConfigurationList;
			buildConfigurations = (
				6DFF19AB2A6C0036003BAC6E /* Debug */,
				6DFF19AC2A6C0036003BAC6E /* Release */,
			);
			defaultConfigurationIsVisible = 0;
			defaultConfigurationName = Release;
		};
		6DFF19AD2A6C0036003BAC6E /* Build configuration list for PBXNativeTarget "SnapkitPlaygroundUITests" */ = {
			isa = XCConfigurationList;
			buildConfigurations = (
				6DFF19AE2A6C0036003BAC6E /* Debug */,
				6DFF19AF2A6C0036003BAC6E /* Release */,
			);
			defaultConfigurationIsVisible = 0;
			defaultConfigurationName = Release;
		};
/* End XCConfigurationList section */
	};
	rootObject = 6DFF19752A6C0035003BAC6E /* Project object */;
}
